
Microsoft Visual Studio Solution File, Format Version 12.00
# Visual Studio Version 16
VisualStudioVersion = 16.0.29613.14
MinimumVisualStudioVersion = 10.0.40219.1
Project("{FAE04EC0-301F-11D3-BF4B-00C04F79EFBC}") = "ADMCrawlHelper", "ADMCrawlHelper.csproj", "{69EDBE58-5995-4592-8EAF-A0862B266FCA}"
EndProject
Global
	GlobalSection(SolutionConfigurationPlatforms) = preSolution
		Debug|Any CPU = Debug|Any CPU
		Release|Any CPU = Release|Any CPU
	EndGlobalSection
	GlobalSection(ProjectConfigurationPlatforms) = postSolution
		{69EDBE58-5995-4592-8EAF-A0862B266FCA}.Debug|Any CPU.ActiveCfg = Debug|Any CPU
		{69EDBE58-5995-4592-8EAF-A0862B266FCA}.Debug|Any CPU.Build.0 = Debug|Any CPU
		{69EDBE58-5995-4592-8EAF-A0862B266FCA}.Release|Any CPU.ActiveCfg = Release|Any CPU
		{69EDBE58-5995-4592-8EAF-A0862B266FCA}.Release|Any CPU.Build.0 = Release|Any CPU
	EndGlobalSection
	GlobalSection(SolutionProperties) = preSolution
		HideSolutionNode = FALSE
	EndGlobalSection
	GlobalSection(ExtensibilityGlobals) = postSolution
		SolutionGuid = {7145DB17-3768-485F-A7BC-12520DCC4588}
	EndGlobalSection
EndGlobal
